
Microsoft Visual Studio Solution File, Format Version 12.00
# Visual Studio Version 16
VisualStudioVersion = 16.0.31624.102
MinimumVisualStudioVersion = 10.0.40219.1
Project("{8BC9CEB8-8B4A-11D0-8D11-00A0C91BC942}") = "Interpolation", "Interpolation\Interpolation.vcxproj", "{F1FBF9C9-7A88-4AE2-B31C-8F9E7BDBAF95}"
EndProject
Global
	GlobalSection(SolutionConfigurationPlatforms) = preSolution
		Debug|x64 = Debug|x64
		Debug|x86 = Debug|x86
		Release|x64 = Release|x64
		Release|x86 = Release|x86
	EndGlobalSection
	GlobalSection(ProjectConfigurationPlatforms) = postSolution
		{F1FBF9C9-7A88-4AE2-B31C-8F9E7BDBAF95}.Debug|x64.ActiveCfg = Debug|x64
		{F1FBF9C9-7A88-4AE2-B31C-8F9E7BDBAF95}.Debug|x64.Build.0 = Debug|x64
		{F1FBF9C9-7A88-4AE2-B31C-8F9E7BDBAF95}.Debug|x86.ActiveCfg = Debug|Win32
		{F1FBF9C9-7A88-4AE2-B31C-8F9E7BDBAF95}.Debug|x86.Build.0 = Debug|Win32
		{F1FBF9C9-7A88-4AE2-B31C-8F9E7BDBAF95}.Release|x64.ActiveCfg = Release|x64
		{F1FBF9C9-7A88-4AE2-B31C-8F9E7BDBAF95}.Release|x64.Build.0 = Release|x64
		{F1FBF9C9-7A88-4AE2-B31C-8F9E7BDBAF95}.Release|x86.ActiveCfg = Release|Win32
		{F1FBF9C9-7A88-4AE2-B31C-8F9E7BDBAF95}.Release|x86.Build.0 = Release|Win32
	EndGlobalSection
	GlobalSection(SolutionProperties) = preSolution
		HideSolutionNode = FALSE
	EndGlobalSection
	GlobalSection(ExtensibilityGlobals) = postSolution
		SolutionGuid = {B37F2655-EB00-448D-96E3-985C949DEA66}
	EndGlobalSection
EndGlobal
